name: Convert Rules to MRS for Adblock
run-name: Convert Rules to MRS for Adblock

on:
  workflow_run:
    workflows: ["Update Filters"]
    types:
      - completed
  workflow_dispatch:

permissions:
  contents: write

jobs:
  convert:
    runs-on: ubuntu-latest

    steps:
      - name: Checkout release branch
        uses: actions/checkout@v4
        with:
          ref: release
          lfs: true

      - name: Install dependencies
        run: sudo apt-get update && sudo apt-get install -y jq curl

      - name: Download Mihomo
        run: |
          LATEST_VERSION=$(curl -sL -H "User-Agent: GitHubActions" https://api.github.com/repos/MetaCubeX/mihomo/releases/latest | jq -r '.tag_name')
          DOWNLOAD_URL="https://github.com/MetaCubeX/mihomo/releases/download/${LATEST_VERSION}/mihomo-linux-amd64-${LATEST_VERSION}.gz"
          curl -sL -o mihomo.gz "$DOWNLOAD_URL"
          gunzip mihomo.gz
          chmod +x mihomo
          sudo mv mihomo /usr/local/bin/mihomo

      - name: Convert Adblock.yaml
        run: |
          mkdir -p output
          FILE="Adblock.yaml"
          if [[ ! -f "$FILE" ]]; then
            echo "Error: File $FILE not found!" >&2
            exit 1
          fi
          mihomo convert-ruleset domain yaml "$FILE" "output/Adblock.mrs"

      - name: Commit converted rules to new branch
        run: |
          git config --global user.name "github-actions[bot]"
          git config --global user.email "github-actions[bot]@users.noreply.github.com"

          git checkout --orphan converted-rules
          git rm -rf .
          mv output/Adblock.mrs .
          git add Adblock.mrs
          git commit -m "Update converted rules"
          git push origin converted-rules --force
